Microsoft Visual Studio Solution File, Format Version 12.00
# Visual Studio Version 17
VisualStudioVersion = 17.5.2.0
MinimumVisualStudioVersion = 10.0.40219.1
Project("{FAE04EC0-301F-11D3-BF4B-00C04F79EFBC}") = "play", "play.csproj", "{5C6F1901-0B27-B8B8-8B35-FD38786ECF83}"
EndProject
Global
	GlobalSection(SolutionConfigurationPlatforms) = preSolution
		Debug|Any CPU = Debug|Any CPU
		Release|Any CPU = Release|Any CPU
	EndGlobalSection
	GlobalSection(ProjectConfigurationPlatforms) = postSolution
		{5C6F1901-0B27-B8B8-8B35-FD38786ECF83}.Debug|Any CPU.ActiveCfg = Debug|Any CPU
		{5C6F1901-0B27-B8B8-8B35-FD38786ECF83}.Debug|Any CPU.Build.0 = Debug|Any CPU
		{5C6F1901-0B27-B8B8-8B35-FD38786ECF83}.Release|Any CPU.ActiveCfg = Release|Any CPU
		{5C6F1901-0B27-B8B8-8B35-FD38786ECF83}.Release|Any CPU.Build.0 = Release|Any CPU
	EndGlobalSection
	GlobalSection(SolutionProperties) = preSolution
		HideSolutionNode = FALSE
	EndGlobalSection
	GlobalSection(ExtensibilityGlobals) = postSolution
		SolutionGuid = {5438B617-0EBF-4C88-8EF1-24B4E2012F6C}
	EndGlobalSection
EndGlobal
